
Microsoft Visual Studio Solution File, Format Version 12.00
# Visual Studio Version 16
VisualStudioVersion = 16.0.31729.503
MinimumVisualStudioVersion = 10.0.40219.1
Project("{8BC9CEB8-8B4A-11D0-8D11-00A0C91BC942}") = "XT_HashExporter", "XT_HashExporter\XT_HashExporter.vcxproj", "{E7120301-A09C-4E58-9EFE-F58ECD78DCF0}"
EndProject
Global
	GlobalSection(SolutionConfigurationPlatforms) = preSolution
		Debug|x64 = Debug|x64
		Debug|x86 = Debug|x86
		Release|x64 = Release|x64
		Release|x86 = Release|x86
	EndGlobalSection
	GlobalSection(ProjectConfigurationPlatforms) = postSolution
		{E7120301-A09C-4E58-9EFE-F58ECD78DCF0}.Debug|x64.ActiveCfg = Debug|x64
		{E7120301-A09C-4E58-9EFE-F58ECD78DCF0}.Debug|x64.Build.0 = Debug|x64
		{E7120301-A09C-4E58-9EFE-F58ECD78DCF0}.Debug|x86.ActiveCfg = Debug|Win32
		{E7120301-A09C-4E58-9EFE-F58ECD78DCF0}.Debug|x86.Build.0 = Debug|Win32
		{E7120301-A09C-4E58-9EFE-F58ECD78DCF0}.Release|x64.ActiveCfg = Release|x64
		{E7120301-A09C-4E58-9EFE-F58ECD78DCF0}.Release|x64.Build.0 = Release|x64
		{E7120301-A09C-4E58-9EFE-F58ECD78DCF0}.Release|x86.ActiveCfg = Release|Win32
		{E7120301-A09C-4E58-9EFE-F58ECD78DCF0}.Release|x86.Build.0 = Release|Win32
	EndGlobalSection
	GlobalSection(SolutionProperties) = preSolution
		HideSolutionNode = FALSE
	EndGlobalSection
	GlobalSection(ExtensibilityGlobals) = postSolution
		SolutionGuid = {3EBADA94-E017-46EA-A1D1-5560EFF1C308}
	EndGlobalSection
EndGlobal
